dependencies:
- name: sonarqube
  repository: https://SonarSource.github.io/helm-chart-sonarqube
  version: 2025.5.0
- name: gluon
  repository: oci://registry1.dso.mil/bigbang
  version: 0.9.3
digest: sha256:e6d5ed82673c49815fc48da4f3f3d36c594d44071208011158102256912c255e
generated: "2025-10-08T11:34:19.649238-05:00"
