dependencies:
- name: postgresql
  repository: file://./deps/postgresql
  version: 8.6.4
- name: gluon
  repository: oci://registry.dso.mil/platform-one/big-bang/apps/library-charts/gluon
  version: 0.3.1
digest: sha256:85173ee065fb6507eaf447569ecee2d9a88ac5afc198ca81153c13b2bc83c64b
generated: "2022-10-17T10:19:29.0628463-07:00"
